// !$*UTF8*$!
{
	archiveVersion = 1;
	classes = {
	};
	objectVersion = 50;
	objects = {

/* Begin PBXBuildFile section */
		86E22196219501C500D3A1D6 /* main.cpp in Sources */ = {isa = PBXBuildFile; fileRef = 86E2218F219501C500D3A1D6 /* main.cpp */; };
/* End PBXBuildFile section */

/* Begin PBXCopyFilesBuildPhase section */
		866A6469219500CA00D86638 /* CopyFiles */ = {
			isa = PBXCopyFilesBuildPhase;
			buildActionMask = 2147483647;
			dstPath = /usr/share/man/man1/;
			dstSubfolderSpec = 0;
			files = (
			);
			runOnlyForDeploymentPostprocessing = 1;
		};
/* End PBXCopyFilesBuildPhase section */

/* Begin PBXFileReference section */
		866A646B219500CA00D86638 /* Lab 6 */ = {isa = PBXFileReference; explicitFileType = "compiled.mach-o.executable"; includeInIndex = 0; path = "Lab 6"; sourceTree = BUILT_PRODUCTS_DIR; };
		86E22189219501C500D3A1D6 /* key_file5.txt */ = {isa = PBXFileReference; fileEncoding = 4; lastKnownFileType = text; path = key_file5.txt; sourceTree = "<group>"; };
		86E2218A219501C500D3A1D6 /* key_file1.txt */ = {isa = PBXFileReference; fileEncoding = 4; lastKnownFileType = text; path = key_file1.txt; sourceTree = "<group>"; };
		86E2218B219501C500D3A1D6 /* LinkedListInterface.h */ = {isa = PBXFileReference; fileEncoding = 4; lastKnownFileType = sourcecode.c.h; path = LinkedListInterface.h; sourceTree = "<group>"; };
		86E2218C219501C500D3A1D6 /* file2.txt */ = {isa = PBXFileReference; fileEncoding = 4; lastKnownFileType = text; path = file2.txt; sourceTree = "<group>"; };
		86E2218D219501C500D3A1D6 /* file4.txt */ = {isa = PBXFileReference; fileEncoding = 4; lastKnownFileType = text; path = file4.txt; sourceTree = "<group>"; };
		86E2218E219501C500D3A1D6 /* file1.txt */ = {isa = PBXFileReference; fileEncoding = 4; lastKnownFileType = text; path = file1.txt; sourceTree = "<group>"; };
		86E2218F219501C500D3A1D6 /* main.cpp */ = {isa = PBXFileReference; fileEncoding = 4; lastKnownFileType = sourcecode.cpp.cpp; path = main.cpp; sourceTree = "<group>"; };
		86E22190219501C500D3A1D6 /* key_file3.txt */ = {isa = PBXFileReference; fileEncoding = 4; lastKnownFileType = text; path = key_file3.txt; sourceTree = "<group>"; };
		86E22191219501C500D3A1D6 /* key_file2.txt */ = {isa = PBXFileReference; fileEncoding = 4; lastKnownFileType = text; path = key_file2.txt; sourceTree = "<group>"; };
		86E22192219501C500D3A1D6 /* file3.txt */ = {isa = PBXFileReference; fileEncoding = 4; lastKnownFileType = text; path = file3.txt; sourceTree = "<group>"; };
		86E22193219501C500D3A1D6 /* LinkedList.h */ = {isa = PBXFileReference; fileEncoding = 4; lastKnownFileType = sourcecode.c.h; path = LinkedList.h; sourceTree = "<group>"; };
		86E22194219501C500D3A1D6 /* key_file4.txt */ = {isa = PBXFileReference; fileEncoding = 4; lastKnownFileType = text; path = key_file4.txt; sourceTree = "<group>"; };
		86E22195219501C500D3A1D6 /* file5.txt */ = {isa = PBXFileReference; fileEncoding = 4; lastKnownFileType = text; path = file5.txt; sourceTree = "<group>"; };
		86E221972195055500D3A1D6 /* out_file3.txt */ = {isa = PBXFileReference; fileEncoding = 4; lastKnownFileType = text; path = out_file3.txt; sourceTree = "<group>"; };
		86E221982195055500D3A1D6 /* out_file4.txt */ = {isa = PBXFileReference; fileEncoding = 4; lastKnownFileType = text; path = out_file4.txt; sourceTree = "<group>"; };
		86E221992195055500D3A1D6 /* out_file5.txt */ = {isa = PBXFileReference; fileEncoding = 4; lastKnownFileType = text; path = out_file5.txt; sourceTree = "<group>"; };
		86E2219A2195055500D3A1D6 /* out_file2.txt */ = {isa = PBXFileReference; fileEncoding = 4; lastKnownFileType = text; path = out_file2.txt; sourceTree = "<group>"; };
		86E2219B2195055500D3A1D6 /* out_file1.txt */ = {isa = PBXFileReference; fileEncoding = 4; lastKnownFileType = text; path = out_file1.txt; sourceTree = "<group>"; };
/* End PBXFileReference section */

/* Begin PBXFrameworksBuildPhase section */
		866A6468219500CA00D86638 /* Frameworks */ = {
			isa = PBXFrameworksBuildPhase;
			buildActionMask = 2147483647;
			files = (
			);
			runOnlyForDeploymentPostprocessing = 0;
		};
/* End PBXFrameworksBuildPhase section */

/* Begin PBXGroup section */
		866A6462219500CA00D86638 = {
			isa = PBXGroup;
			children = (
				866A646D219500CA00D86638 /* Lab 6 */,
				866A646C219500CA00D86638 /* Products */,
			);
			sourceTree = "<group>";
		};
		866A646C219500CA00D86638 /* Products */ = {
			isa = PBXGroup;
			children = (
				866A646B219500CA00D86638 /* Lab 6 */,
			);
			name = Products;
			sourceTree = "<group>";
		};
		866A646D219500CA00D86638 /* Lab 6 */ = {
			isa = PBXGroup;
			children = (
				86E22193219501C500D3A1D6 /* LinkedList.h */,
				86E2218B219501C500D3A1D6 /* LinkedListInterface.h */,
				86E2218F219501C500D3A1D6 /* main.cpp */,
				86E2218E219501C500D3A1D6 /* file1.txt */,
				86E2218C219501C500D3A1D6 /* file2.txt */,
				86E22192219501C500D3A1D6 /* file3.txt */,
				86E2218D219501C500D3A1D6 /* file4.txt */,
				86E22195219501C500D3A1D6 /* file5.txt */,
				86E2219B2195055500D3A1D6 /* out_file1.txt */,
				86E2218A219501C500D3A1D6 /* key_file1.txt */,
				86E2219A2195055500D3A1D6 /* out_file2.txt */,
				86E22191219501C500D3A1D6 /* key_file2.txt */,
				86E221972195055500D3A1D6 /* out_file3.txt */,
				86E22190219501C500D3A1D6 /* key_file3.txt */,
				86E221982195055500D3A1D6 /* out_file4.txt */,
				86E22194219501C500D3A1D6 /* key_file4.txt */,
				86E221992195055500D3A1D6 /* out_file5.txt */,
				86E22189219501C500D3A1D6 /* key_file5.txt */,
			);
			path = "Lab 6";
			sourceTree = "<group>";
		};
/* End PBXGroup section */

/* Begin PBXNativeTarget section */
		866A646A219500CA00D86638 /* Lab 6 */ = {
			isa = PBXNativeTarget;
			buildConfigurationList = 866A6472219500CA00D86638 /* Build configuration list for PBXNativeTarget "Lab 6" */;
			buildPhases = (
				866A6467219500CA00D86638 /* Sources */,
				866A6468219500CA00D86638 /* Frameworks */,
				866A6469219500CA00D86638 /* CopyFiles */,
			);
			buildRules = (
			);
			dependencies = (
			);
			name = "Lab 6";
			productName = "Lab 6";
			productReference = 866A646B219500CA00D86638 /* Lab 6 */;
			productType = "com.apple.product-type.tool";
		};
/* End PBXNativeTarget section */

/* Begin PBXProject section */
		866A6463219500CA00D86638 /* Project object */ = {
			isa = PBXProject;
			attributes = {
				LastUpgradeCheck = 1010;
				ORGANIZATIONNAME = "Sam Chamberlin";
				TargetAttributes = {
					866A646A219500CA00D86638 = {
						CreatedOnToolsVersion = 10.1;
					};
				};
			};
			buildConfigurationList = 866A6466219500CA00D86638 /* Build configuration list for PBXProject "Lab 6" */;
			compatibilityVersion = "Xcode 9.3";
			developmentRegion = en;
			hasScannedForEncodings = 0;
			knownRegions = (
				en,
			);
			mainGroup = 866A6462219500CA00D86638;
			productRefGroup = 866A646C219500CA00D86638 /* Products */;
			projectDirPath = "";
			projectRoot = "";
			targets = (
				866A646A219500CA00D86638 /* Lab 6 */,
			);
		};
/* End PBXProject section */

/* Begin PBXSourcesBuildPhase section */
		866A6467219500CA00D86638 /* Sources */ = {
			isa = PBXSourcesBuildPhase;
			buildActionMask = 2147483647;
			files = (
				86E22196219501C500D3A1D6 /* main.cpp in Sources */,
			);
			runOnlyForDeploymentPostprocessing = 0;
		};
/* End PBXSourcesBuildPhase section */

/* Begin XCBuildConfiguration section */
		866A6470219500CA00D86638 /* Debug */ = {
			isa = XCBuildConfiguration;
			buildSettings = {
				ALWAYS_SEARCH_USER_PATHS = NO;
				CLANG_ANALYZER_NONNULL = YES;
				CLANG_ANALYZER_NUMBER_OBJECT_CONVERSION = YES_AGGRESSIVE;
				CLANG_CXX_LANGUAGE_STANDARD = "gnu++14";
				CLANG_CXX_LIBRARY = "libc++";
				CLANG_ENABLE_MODULES = YES;
				CLANG_ENABLE_OBJC_ARC = YES;
				CLANG_ENABLE_OBJC_WEAK = YES;
				CLANG_WARN_BLOCK_CAPTURE_AUTORELEASING = YES;
				CLANG_WARN_BOOL_CONVERSION = YES;
				CLANG_WARN_COMMA = YES;
				CLANG_WARN_CONSTANT_CONVERSION = YES;
				CLANG_WARN_DEPRECATED_OBJC_IMPLEMENTATIONS = YES;
				CLANG_WARN_DIRECT_OBJC_ISA_USAGE = YES_ERROR;
				CLANG_WARN_DOCUMENTATION_COMMENTS = YES;
				CLANG_WARN_EMPTY_BODY = YES;
				CLANG_WARN_ENUM_CONVERSION = YES;
				CLANG_WARN_INFINITE_RECURSION = YES;
				CLANG_WARN_INT_CONVERSION = YES;
				CLANG_WARN_NON_LITERAL_NULL_CONVERSION = YES;
				CLANG_WARN_OBJC_IMPLICIT_RETAIN_SELF = YES;
				CLANG_WARN_OBJC_LITERAL_CONVERSION = YES;
				CLANG_WARN_OBJC_ROOT_CLASS = YES_ERROR;
				CLANG_WARN_RANGE_LOOP_ANALYSIS = YES;
				CLANG_WARN_STRICT_PROTOTYPES = YES;
				CLANG_WARN_SUSPICIOUS_MOVE = YES;
				CLANG_WARN_UNGUARDED_AVAILABILITY = YES_AGGRESSIVE;
				CLANG_WARN_UNREACHABLE_CODE = YES;
				CLANG_WARN__DUPLICATE_METHOD_MATCH = YES;
				CODE_SIGN_IDENTITY = "-";
				COPY_PHASE_STRIP = NO;
				DEBUG_INFORMATION_FORMAT = dwarf;
				ENABLE_STRICT_OBJC_MSGSEND = YES;
				ENABLE_TESTABILITY = YES;
				GCC_C_LANGUAGE_STANDARD = gnu11;
				GCC_DYNAMIC_NO_PIC = NO;
				GCC_NO_COMMON_BLOCKS = YES;
				GCC_OPTIMIZATION_LEVEL = 0;
				GCC_PREPROCESSOR_DEFINITIONS = (
					"DEBUG=1",
					"$(inherited)",
				);
				GCC_WARN_64_TO_32_BIT_CONVERSION = YES;
				GCC_WARN_ABOUT_RETURN_TYPE = YES_ERROR;
				GCC_WARN_UNDECLARED_SELECTOR = YES;
				GCC_WARN_UNINITIALIZED_AUTOS = YES_AGGRESSIVE;
				GCC_WARN_UNUSED_FUNCTION = YES;
				GCC_WARN_UNUSED_VARIABLE = YES;
				MACOSX_DEPLOYMENT_TARGET = 10.14;
				MTL_ENABLE_DEBUG_INFO = INCLUDE_SOURCE;
				MTL_FAST_MATH = YES;
				ONLY_ACTIVE_ARCH = YES;
				SDKROOT = macosx;
			};
			name = Debug;
		};
		866A6471219500CA00D86638 /* Release */ = {
			isa = XCBuildConfiguration;
			buildSettings = {
				ALWAYS_SEARCH_USER_PATHS = NO;
				CLANG_ANALYZER_NONNULL = YES;
				CLANG_ANALYZER_NUMBER_OBJECT_CONVERSION = YES_AGGRESSIVE;
				CLANG_CXX_LANGUAGE_STANDARD = "gnu++14";
				CLANG_CXX_LIBRARY = "libc++";
				CLANG_ENABLE_MODULES = YES;
				CLANG_ENABLE_OBJC_ARC = YES;
				CLANG_ENABLE_OBJC_WEAK = YES;
				CLANG_WARN_BLOCK_CAPTURE_AUTORELEASING = YES;
				CLANG_WARN_BOOL_CONVERSION = YES;
				CLANG_WARN_COMMA = YES;
				CLANG_WARN_CONSTANT_CONVERSION = YES;
				CLANG_WARN_DEPRECATED_OBJC_IMPLEMENTATIONS = YES;
				CLANG_WARN_DIRECT_OBJC_ISA_USAGE = YES_ERROR;
				CLANG_WARN_DOCUMENTATION_COMMENTS = YES;
				CLANG_WARN_EMPTY_BODY = YES;
				CLANG_WARN_ENUM_CONVERSION = YES;
				CLANG_WARN_INFINITE_RECURSION = YES;
				CLANG_WARN_INT_CONVERSION = YES;
				CLANG_WARN_NON_LITERAL_NULL_CONVERSION = YES;
				CLANG_WARN_OBJC_IMPLICIT_RETAIN_SELF = YES;
				CLANG_WARN_OBJC_LITERAL_CONVERSION = YES;
				CLANG_WARN_OBJC_ROOT_CLASS = YES_ERROR;
				CLANG_WARN_RANGE_LOOP_ANALYSIS = YES;
				CLANG_WARN_STRICT_PROTOTYPES = YES;
				CLANG_WARN_SUSPICIOUS_MOVE = YES;
				CLANG_WARN_UNGUARDED_AVAILABILITY = YES_AGGRESSIVE;
				CLANG_WARN_UNREACHABLE_CODE = YES;
				CLANG_WARN__DUPLICATE_METHOD_MATCH = YES;
				CODE_SIGN_IDENTITY = "-";
				COPY_PHASE_STRIP = NO;
				DEBUG_INFORMATION_FORMAT = "dwarf-with-dsym";
				ENABLE_NS_ASSERTIONS = NO;
				ENABLE_STRICT_OBJC_MSGSEND = YES;
				GCC_C_LANGUAGE_STANDARD = gnu11;
				GCC_NO_COMMON_BLOCKS = YES;
				GCC_WARN_64_TO_32_BIT_CONVERSION = YES;
				GCC_WARN_ABOUT_RETURN_TYPE = YES_ERROR;
				GCC_WARN_UNDECLARED_SELECTOR = YES;
				GCC_WARN_UNINITIALIZED_AUTOS = YES_AGGRESSIVE;
				GCC_WARN_UNUSED_FUNCTION = YES;
				GCC_WARN_UNUSED_VARIABLE = YES;
				MACOSX_DEPLOYMENT_TARGET = 10.14;
				MTL_ENABLE_DEBUG_INFO = NO;
				MTL_FAST_MATH = YES;
				SDKROOT = macosx;
			};
			name = Release;
		};
		866A6473219500CA00D86638 /* Debug */ = {
			isa = XCBuildConfiguration;
			buildSettings = {
				CODE_SIGN_STYLE = Automatic;
				PRODUCT_NAME = "$(TARGET_NAME)";
			};
			name = Debug;
		};
		866A6474219500CA00D86638 /* Release */ = {
			isa = XCBuildConfiguration;
			buildSettings = {
				CODE_SIGN_STYLE = Automatic;
				PRODUCT_NAME = "$(TARGET_NAME)";
			};
			name = Release;
		};
/* End XCBuildConfiguration section */

/* Begin XCConfigurationList section */
		866A6466219500CA00D86638 /* Build configuration list for PBXProject "Lab 6" */ = {
			isa = XCConfigurationList;
			buildConfigurations = (
				866A6470219500CA00D86638 /* Debug */,
				866A6471219500CA00D86638 /* Release */,
			);
			defaultConfigurationIsVisible = 0;
			defaultConfigurationName = Release;
		};
		866A6472219500CA00D86638 /* Build configuration list for PBXNativeTarget "Lab 6" */ = {
			isa = XCConfigurationList;
			buildConfigurations = (
				866A6473219500CA00D86638 /* Debug */,
				866A6474219500CA00D86638 /* Release */,
			);
			defaultConfigurationIsVisible = 0;
			defaultConfigurationName = Release;
		};
/* End XCConfigurationList section */
	};
	rootObject = 866A6463219500CA00D86638 /* Project object */;
}
