// !$*UTF8*$!
{
	archiveVersion = 1;
	classes = {
	};
	objectVersion = 50;
	objects = {

/* Begin PBXBuildFile section */
		8696E3C7219BD38800435B3E /* main.cpp in Sources */ = {isa = PBXBuildFile; fileRef = 8696E3C6219BD38800435B3E /* main.cpp */; };
		8696E3DF219BD3FF00435B3E /* Node.cpp in Sources */ = {isa = PBXBuildFile; fileRef = 8696E3D5219BD3FE00435B3E /* Node.cpp */; };
		8696E3E0219BD3FF00435B3E /* AVL.cpp in Sources */ = {isa = PBXBuildFile; fileRef = 8696E3DC219BD3FF00435B3E /* AVL.cpp */; };
/* End PBXBuildFile section */

/* Begin PBXCopyFilesBuildPhase section */
		8696E3C1219BD38800435B3E /* CopyFiles */ = {
			isa = PBXCopyFilesBuildPhase;
			buildActionMask = 2147483647;
			dstPath = /usr/share/man/man1/;
			dstSubfolderSpec = 0;
			files = (
			);
			runOnlyForDeploymentPostprocessing = 1;
		};
/* End PBXCopyFilesBuildPhase section */

/* Begin PBXFileReference section */
		8696E3C3219BD38800435B3E /* Lab 8 (AVL) */ = {isa = PBXFileReference; explicitFileType = "compiled.mach-o.executable"; includeInIndex = 0; path = "Lab 8 (AVL)"; sourceTree = BUILT_PRODUCTS_DIR; };
		8696E3C6219BD38800435B3E /* main.cpp */ = {isa = PBXFileReference; lastKnownFileType = sourcecode.cpp.cpp; path = main.cpp; sourceTree = "<group>"; };
		8696E3CD219BD3FE00435B3E /* key_file5.txt */ = {isa = PBXFileReference; fileEncoding = 4; lastKnownFileType = text; path = key_file5.txt; sourceTree = "<group>"; };
		8696E3CE219BD3FE00435B3E /* Node.h */ = {isa = PBXFileReference; fileEncoding = 4; lastKnownFileType = sourcecode.c.h; path = Node.h; sourceTree = "<group>"; };
		8696E3CF219BD3FE00435B3E /* file2.txt */ = {isa = PBXFileReference; fileEncoding = 4; lastKnownFileType = text; path = file2.txt; sourceTree = "<group>"; };
		8696E3D0219BD3FE00435B3E /* AVL.h */ = {isa = PBXFileReference; fileEncoding = 4; lastKnownFileType = sourcecode.c.h; path = AVL.h; sourceTree = "<group>"; };
		8696E3D1219BD3FE00435B3E /* NodeInterface.h */ = {isa = PBXFileReference; fileEncoding = 4; lastKnownFileType = sourcecode.c.h; path = NodeInterface.h; sourceTree = "<group>"; };
		8696E3D2219BD3FE00435B3E /* key_file2.txt */ = {isa = PBXFileReference; fileEncoding = 4; lastKnownFileType = text; path = key_file2.txt; sourceTree = "<group>"; };
		8696E3D3219BD3FE00435B3E /* file3.txt */ = {isa = PBXFileReference; fileEncoding = 4; lastKnownFileType = text; path = file3.txt; sourceTree = "<group>"; };
		8696E3D4219BD3FE00435B3E /* key_file1.txt */ = {isa = PBXFileReference; fileEncoding = 4; lastKnownFileType = text; path = key_file1.txt; sourceTree = "<group>"; };
		8696E3D5219BD3FE00435B3E /* Node.cpp */ = {isa = PBXFileReference; fileEncoding = 4; lastKnownFileType = sourcecode.cpp.cpp; path = Node.cpp; sourceTree = "<group>"; };
		8696E3D6219BD3FE00435B3E /* key_file3.txt */ = {isa = PBXFileReference; fileEncoding = 4; lastKnownFileType = text; path = key_file3.txt; sourceTree = "<group>"; };
		8696E3D7219BD3FE00435B3E /* AVLInterface.h */ = {isa = PBXFileReference; fileEncoding = 4; lastKnownFileType = sourcecode.c.h; path = AVLInterface.h; sourceTree = "<group>"; };
		8696E3D8219BD3FE00435B3E /* file5.txt */ = {isa = PBXFileReference; fileEncoding = 4; lastKnownFileType = text; path = file5.txt; sourceTree = "<group>"; };
		8696E3D9219BD3FE00435B3E /* README.md */ = {isa = PBXFileReference; fileEncoding = 4; lastKnownFileType = net.daringfireball.markdown; path = README.md; sourceTree = "<group>"; };
		8696E3DA219BD3FF00435B3E /* file4.txt */ = {isa = PBXFileReference; fileEncoding = 4; lastKnownFileType = text; path = file4.txt; sourceTree = "<group>"; };
		8696E3DB219BD3FF00435B3E /* file1.txt */ = {isa = PBXFileReference; fileEncoding = 4; lastKnownFileType = text; path = file1.txt; sourceTree = "<group>"; };
		8696E3DC219BD3FF00435B3E /* AVL.cpp */ = {isa = PBXFileReference; fileEncoding = 4; lastKnownFileType = sourcecode.cpp.cpp; path = AVL.cpp; sourceTree = "<group>"; };
		8696E3DD219BD3FF00435B3E /* check.sh */ = {isa = PBXFileReference; fileEncoding = 4; lastKnownFileType = text.script.sh; path = check.sh; sourceTree = "<group>"; };
		8696E3DE219BD3FF00435B3E /* key_file4.txt */ = {isa = PBXFileReference; fileEncoding = 4; lastKnownFileType = text; path = key_file4.txt; sourceTree = "<group>"; };
		8696E3E1219BD63200435B3E /* out_file5.txt */ = {isa = PBXFileReference; fileEncoding = 4; lastKnownFileType = text; path = out_file5.txt; sourceTree = "<group>"; };
		8696E3E2219BD63200435B3E /* out_file2.txt */ = {isa = PBXFileReference; fileEncoding = 4; lastKnownFileType = text; path = out_file2.txt; sourceTree = "<group>"; };
		8696E3E3219BD63200435B3E /* out_file1.txt */ = {isa = PBXFileReference; fileEncoding = 4; lastKnownFileType = text; path = out_file1.txt; sourceTree = "<group>"; };
		8696E3E4219BD63200435B3E /* out_file4.txt */ = {isa = PBXFileReference; fileEncoding = 4; lastKnownFileType = text; path = out_file4.txt; sourceTree = "<group>"; };
		8696E3E5219BD63300435B3E /* out_file3.txt */ = {isa = PBXFileReference; fileEncoding = 4; lastKnownFileType = text; path = out_file3.txt; sourceTree = "<group>"; };
/* End PBXFileReference section */

/* Begin PBXFrameworksBuildPhase section */
		8696E3C0219BD38800435B3E /* Frameworks */ = {
			isa = PBXFrameworksBuildPhase;
			buildActionMask = 2147483647;
			files = (
			);
			runOnlyForDeploymentPostprocessing = 0;
		};
/* End PBXFrameworksBuildPhase section */

/* Begin PBXGroup section */
		8696E3BA219BD38800435B3E = {
			isa = PBXGroup;
			children = (
				8696E3C5219BD38800435B3E /* Lab 8 (AVL) */,
				8696E3C4219BD38800435B3E /* Products */,
			);
			sourceTree = "<group>";
		};
		8696E3C4219BD38800435B3E /* Products */ = {
			isa = PBXGroup;
			children = (
				8696E3C3219BD38800435B3E /* Lab 8 (AVL) */,
			);
			name = Products;
			sourceTree = "<group>";
		};
		8696E3C5219BD38800435B3E /* Lab 8 (AVL) */ = {
			isa = PBXGroup;
			children = (
				8696E3C6219BD38800435B3E /* main.cpp */,
				8696E3D7219BD3FE00435B3E /* AVLInterface.h */,
				8696E3D0219BD3FE00435B3E /* AVL.h */,
				8696E3DC219BD3FF00435B3E /* AVL.cpp */,
				8696E3D1219BD3FE00435B3E /* NodeInterface.h */,
				8696E3CE219BD3FE00435B3E /* Node.h */,
				8696E3D5219BD3FE00435B3E /* Node.cpp */,
				8696E3DB219BD3FF00435B3E /* file1.txt */,
				8696E3CF219BD3FE00435B3E /* file2.txt */,
				8696E3D3219BD3FE00435B3E /* file3.txt */,
				8696E3DA219BD3FF00435B3E /* file4.txt */,
				8696E3D8219BD3FE00435B3E /* file5.txt */,
				8696E3E3219BD63200435B3E /* out_file1.txt */,
				8696E3D4219BD3FE00435B3E /* key_file1.txt */,
				8696E3E2219BD63200435B3E /* out_file2.txt */,
				8696E3D2219BD3FE00435B3E /* key_file2.txt */,
				8696E3E5219BD63300435B3E /* out_file3.txt */,
				8696E3D6219BD3FE00435B3E /* key_file3.txt */,
				8696E3E4219BD63200435B3E /* out_file4.txt */,
				8696E3DE219BD3FF00435B3E /* key_file4.txt */,
				8696E3E1219BD63200435B3E /* out_file5.txt */,
				8696E3CD219BD3FE00435B3E /* key_file5.txt */,
				8696E3DD219BD3FF00435B3E /* check.sh */,
				8696E3D9219BD3FE00435B3E /* README.md */,
			);
			path = "Lab 8 (AVL)";
			sourceTree = "<group>";
		};
/* End PBXGroup section */

/* Begin PBXNativeTarget section */
		8696E3C2219BD38800435B3E /* Lab 8 (AVL) */ = {
			isa = PBXNativeTarget;
			buildConfigurationList = 8696E3CA219BD38800435B3E /* Build configuration list for PBXNativeTarget "Lab 8 (AVL)" */;
			buildPhases = (
				8696E3BF219BD38800435B3E /* Sources */,
				8696E3C0219BD38800435B3E /* Frameworks */,
				8696E3C1219BD38800435B3E /* CopyFiles */,
			);
			buildRules = (
			);
			dependencies = (
			);
			name = "Lab 8 (AVL)";
			productName = "Lab 8 (AVL)";
			productReference = 8696E3C3219BD38800435B3E /* Lab 8 (AVL) */;
			productType = "com.apple.product-type.tool";
		};
/* End PBXNativeTarget section */

/* Begin PBXProject section */
		8696E3BB219BD38800435B3E /* Project object */ = {
			isa = PBXProject;
			attributes = {
				LastUpgradeCheck = 1010;
				ORGANIZATIONNAME = "Sam Chamberlin";
				TargetAttributes = {
					8696E3C2219BD38800435B3E = {
						CreatedOnToolsVersion = 10.1;
					};
				};
			};
			buildConfigurationList = 8696E3BE219BD38800435B3E /* Build configuration list for PBXProject "Lab 8 (AVL)" */;
			compatibilityVersion = "Xcode 9.3";
			developmentRegion = en;
			hasScannedForEncodings = 0;
			knownRegions = (
				en,
			);
			mainGroup = 8696E3BA219BD38800435B3E;
			productRefGroup = 8696E3C4219BD38800435B3E /* Products */;
			projectDirPath = "";
			projectRoot = "";
			targets = (
				8696E3C2219BD38800435B3E /* Lab 8 (AVL) */,
			);
		};
/* End PBXProject section */

/* Begin PBXSourcesBuildPhase section */
		8696E3BF219BD38800435B3E /* Sources */ = {
			isa = PBXSourcesBuildPhase;
			buildActionMask = 2147483647;
			files = (
				8696E3E0219BD3FF00435B3E /* AVL.cpp in Sources */,
				8696E3C7219BD38800435B3E /* main.cpp in Sources */,
				8696E3DF219BD3FF00435B3E /* Node.cpp in Sources */,
			);
			runOnlyForDeploymentPostprocessing = 0;
		};
/* End PBXSourcesBuildPhase section */

/* Begin XCBuildConfiguration section */
		8696E3C8219BD38800435B3E /* Debug */ = {
			isa = XCBuildConfiguration;
			buildSettings = {
				ALWAYS_SEARCH_USER_PATHS = NO;
				CLANG_ANALYZER_NONNULL = YES;
				CLANG_ANALYZER_NUMBER_OBJECT_CONVERSION = YES_AGGRESSIVE;
				CLANG_CXX_LANGUAGE_STANDARD = "gnu++14";
				CLANG_CXX_LIBRARY = "libc++";
				CLANG_ENABLE_MODULES = YES;
				CLANG_ENABLE_OBJC_ARC = YES;
				CLANG_ENABLE_OBJC_WEAK = YES;
				CLANG_WARN_BLOCK_CAPTURE_AUTORELEASING = YES;
				CLANG_WARN_BOOL_CONVERSION = YES;
				CLANG_WARN_COMMA = YES;
				CLANG_WARN_CONSTANT_CONVERSION = YES;
				CLANG_WARN_DEPRECATED_OBJC_IMPLEMENTATIONS = YES;
				CLANG_WARN_DIRECT_OBJC_ISA_USAGE = YES_ERROR;
				CLANG_WARN_DOCUMENTATION_COMMENTS = YES;
				CLANG_WARN_EMPTY_BODY = YES;
				CLANG_WARN_ENUM_CONVERSION = YES;
				CLANG_WARN_INFINITE_RECURSION = YES;
				CLANG_WARN_INT_CONVERSION = YES;
				CLANG_WARN_NON_LITERAL_NULL_CONVERSION = YES;
				CLANG_WARN_OBJC_IMPLICIT_RETAIN_SELF = YES;
				CLANG_WARN_OBJC_LITERAL_CONVERSION = YES;
				CLANG_WARN_OBJC_ROOT_CLASS = YES_ERROR;
				CLANG_WARN_RANGE_LOOP_ANALYSIS = YES;
				CLANG_WARN_STRICT_PROTOTYPES = YES;
				CLANG_WARN_SUSPICIOUS_MOVE = YES;
				CLANG_WARN_UNGUARDED_AVAILABILITY = YES_AGGRESSIVE;
				CLANG_WARN_UNREACHABLE_CODE = YES;
				CLANG_WARN__DUPLICATE_METHOD_MATCH = YES;
				CODE_SIGN_IDENTITY = "-";
				COPY_PHASE_STRIP = NO;
				DEBUG_INFORMATION_FORMAT = dwarf;
				ENABLE_STRICT_OBJC_MSGSEND = YES;
				ENABLE_TESTABILITY = YES;
				GCC_C_LANGUAGE_STANDARD = gnu11;
				GCC_DYNAMIC_NO_PIC = NO;
				GCC_NO_COMMON_BLOCKS = YES;
				GCC_OPTIMIZATION_LEVEL = 0;
				GCC_PREPROCESSOR_DEFINITIONS = (
					"DEBUG=1",
					"$(inherited)",
				);
				GCC_WARN_64_TO_32_BIT_CONVERSION = YES;
				GCC_WARN_ABOUT_RETURN_TYPE = YES_ERROR;
				GCC_WARN_UNDECLARED_SELECTOR = YES;
				GCC_WARN_UNINITIALIZED_AUTOS = YES_AGGRESSIVE;
				GCC_WARN_UNUSED_FUNCTION = YES;
				GCC_WARN_UNUSED_VARIABLE = YES;
				MACOSX_DEPLOYMENT_TARGET = 10.14;
				MTL_ENABLE_DEBUG_INFO = INCLUDE_SOURCE;
				MTL_FAST_MATH = YES;
				ONLY_ACTIVE_ARCH = YES;
				SDKROOT = macosx;
			};
			name = Debug;
		};
		8696E3C9219BD38800435B3E /* Release */ = {
			isa = XCBuildConfiguration;
			buildSettings = {
				ALWAYS_SEARCH_USER_PATHS = NO;
				CLANG_ANALYZER_NONNULL = YES;
				CLANG_ANALYZER_NUMBER_OBJECT_CONVERSION = YES_AGGRESSIVE;
				CLANG_CXX_LANGUAGE_STANDARD = "gnu++14";
				CLANG_CXX_LIBRARY = "libc++";
				CLANG_ENABLE_MODULES = YES;
				CLANG_ENABLE_OBJC_ARC = YES;
				CLANG_ENABLE_OBJC_WEAK = YES;
				CLANG_WARN_BLOCK_CAPTURE_AUTORELEASING = YES;
				CLANG_WARN_BOOL_CONVERSION = YES;
				CLANG_WARN_COMMA = YES;
				CLANG_WARN_CONSTANT_CONVERSION = YES;
				CLANG_WARN_DEPRECATED_OBJC_IMPLEMENTATIONS = YES;
				CLANG_WARN_DIRECT_OBJC_ISA_USAGE = YES_ERROR;
				CLANG_WARN_DOCUMENTATION_COMMENTS = YES;
				CLANG_WARN_EMPTY_BODY = YES;
				CLANG_WARN_ENUM_CONVERSION = YES;
				CLANG_WARN_INFINITE_RECURSION = YES;
				CLANG_WARN_INT_CONVERSION = YES;
				CLANG_WARN_NON_LITERAL_NULL_CONVERSION = YES;
				CLANG_WARN_OBJC_IMPLICIT_RETAIN_SELF = YES;
				CLANG_WARN_OBJC_LITERAL_CONVERSION = YES;
				CLANG_WARN_OBJC_ROOT_CLASS = YES_ERROR;
				CLANG_WARN_RANGE_LOOP_ANALYSIS = YES;
				CLANG_WARN_STRICT_PROTOTYPES = YES;
				CLANG_WARN_SUSPICIOUS_MOVE = YES;
				CLANG_WARN_UNGUARDED_AVAILABILITY = YES_AGGRESSIVE;
				CLANG_WARN_UNREACHABLE_CODE = YES;
				CLANG_WARN__DUPLICATE_METHOD_MATCH = YES;
				CODE_SIGN_IDENTITY = "-";
				COPY_PHASE_STRIP = NO;
				DEBUG_INFORMATION_FORMAT = "dwarf-with-dsym";
				ENABLE_NS_ASSERTIONS = NO;
				ENABLE_STRICT_OBJC_MSGSEND = YES;
				GCC_C_LANGUAGE_STANDARD = gnu11;
				GCC_NO_COMMON_BLOCKS = YES;
				GCC_WARN_64_TO_32_BIT_CONVERSION = YES;
				GCC_WARN_ABOUT_RETURN_TYPE = YES_ERROR;
				GCC_WARN_UNDECLARED_SELECTOR = YES;
				GCC_WARN_UNINITIALIZED_AUTOS = YES_AGGRESSIVE;
				GCC_WARN_UNUSED_FUNCTION = YES;
				GCC_WARN_UNUSED_VARIABLE = YES;
				MACOSX_DEPLOYMENT_TARGET = 10.14;
				MTL_ENABLE_DEBUG_INFO = NO;
				MTL_FAST_MATH = YES;
				SDKROOT = macosx;
			};
			name = Release;
		};
		8696E3CB219BD38800435B3E /* Debug */ = {
			isa = XCBuildConfiguration;
			buildSettings = {
				CODE_SIGN_STYLE = Automatic;
				PRODUCT_NAME = "$(TARGET_NAME)";
			};
			name = Debug;
		};
		8696E3CC219BD38800435B3E /* Release */ = {
			isa = XCBuildConfiguration;
			buildSettings = {
				CODE_SIGN_STYLE = Automatic;
				PRODUCT_NAME = "$(TARGET_NAME)";
			};
			name = Release;
		};
/* End XCBuildConfiguration section */

/* Begin XCConfigurationList section */
		8696E3BE219BD38800435B3E /* Build configuration list for PBXProject "Lab 8 (AVL)" */ = {
			isa = XCConfigurationList;
			buildConfigurations = (
				8696E3C8219BD38800435B3E /* Debug */,
				8696E3C9219BD38800435B3E /* Release */,
			);
			defaultConfigurationIsVisible = 0;
			defaultConfigurationName = Release;
		};
		8696E3CA219BD38800435B3E /* Build configuration list for PBXNativeTarget "Lab 8 (AVL)" */ = {
			isa = XCConfigurationList;
			buildConfigurations = (
				8696E3CB219BD38800435B3E /* Debug */,
				8696E3CC219BD38800435B3E /* Release */,
			);
			defaultConfigurationIsVisible = 0;
			defaultConfigurationName = Release;
		};
/* End XCConfigurationList section */
	};
	rootObject = 8696E3BB219BD38800435B3E /* Project object */;
}
